
Microsoft Visual Studio Solution File, Format Version 12.00
# Visual Studio Version 17
VisualStudioVersion = 17.1.32421.90
MinimumVisualStudioVersion = 10.0.40219.1
Project("{FAE04EC0-301F-11D3-BF4B-00C04F79EFBC}") = "SPA-FIRST", "SPA-FIRST\SPA-FIRST.csproj", "{10043A4D-2CE1-4032-9B89-8AAC03B90236}"
EndProject
Global
	GlobalSection(SolutionConfigurationPlatforms) = preSolution
		Debug|Any CPU = Debug|Any CPU
		Release|Any CPU = Release|Any CPU
	EndGlobalSection
	GlobalSection(ProjectConfigurationPlatforms) = postSolution
		{10043A4D-2CE1-4032-9B89-8AAC03B90236}.Debug|Any CPU.ActiveCfg = Debug|Any CPU
		{10043A4D-2CE1-4032-9B89-8AAC03B90236}.Debug|Any CPU.Build.0 = Debug|Any CPU
		{10043A4D-2CE1-4032-9B89-8AAC03B90236}.Release|Any CPU.ActiveCfg = Release|Any CPU
		{10043A4D-2CE1-4032-9B89-8AAC03B90236}.Release|Any CPU.Build.0 = Release|Any CPU
	EndGlobalSection
	GlobalSection(SolutionProperties) = preSolution
		HideSolutionNode = FALSE
	EndGlobalSection
	GlobalSection(ExtensibilityGlobals) = postSolution
		SolutionGuid = {BBEAF8EE-87C9-448E-8EFD-1132C6642E3F}
	EndGlobalSection
EndGlobal
